// !$*UTF8*$!
{
	archiveVersion = 1;
	classes = {
	};
	objectVersion = 56;
	objects = {

/* Begin PBXBuildFile section */
		A03EA8EF288DF50B00FC1F0F /* AppDelegate.swift in Sources */ = {isa = PBXBuildFile; fileRef = A03EA8EE288DF50B00FC1F0F /* AppDelegate.swift */; };
		A03EA8F1288DF50B00FC1F0F /* SceneDelegate.swift in Sources */ = {isa = PBXBuildFile; fileRef = A03EA8F0288DF50B00FC1F0F /* SceneDelegate.swift */; };
		A03EA8F3288DF50B00FC1F0F /* MainViewController.swift in Sources */ = {isa = PBXBuildFile; fileRef = A03EA8F2288DF50B00FC1F0F /* MainViewController.swift */; };
		A03EA8F8288DF50E00FC1F0F /* Assets.xcassets in Resources */ = {isa = PBXBuildFile; fileRef = A03EA8F7288DF50E00FC1F0F /* Assets.xcassets */; };
		A03EA8FB288DF50E00FC1F0F /* LaunchScreen.storyboard in Resources */ = {isa = PBXBuildFile; fileRef = A03EA8F9288DF50E00FC1F0F /* LaunchScreen.storyboard */; };
		A03EA903288DF66200FC1F0F /* Zone.swift in Sources */ = {isa = PBXBuildFile; fileRef = A03EA902288DF66200FC1F0F /* Zone.swift */; };
		A03EA905288DF66700FC1F0F /* Car.swift in Sources */ = {isa = PBXBuildFile; fileRef = A03EA904288DF66700FC1F0F /* Car.swift */; };
		A03EA907288DF66F00FC1F0F /* FavoriteZone.swift in Sources */ = {isa = PBXBuildFile; fileRef = A03EA906288DF66F00FC1F0F /* FavoriteZone.swift */; };
		A03EA90B288DF69100FC1F0F /* NetworkManager.swift in Sources */ = {isa = PBXBuildFile; fileRef = A03EA90A288DF69100FC1F0F /* NetworkManager.swift */; };
		A03EA90E288DF6AE00FC1F0F /* MyAnnotation.swift in Sources */ = {isa = PBXBuildFile; fileRef = A03EA90D288DF6AE00FC1F0F /* MyAnnotation.swift */; };
		A03EA910288DF6B500FC1F0F /* ZoneAnnotation.swift in Sources */ = {isa = PBXBuildFile; fileRef = A03EA90F288DF6B500FC1F0F /* ZoneAnnotation.swift */; };
		A03EA914288DF85200FC1F0F /* SnapKit in Frameworks */ = {isa = PBXBuildFile; productRef = A03EA913288DF85200FC1F0F /* SnapKit */; };
		A03EA917288DF87600FC1F0F /* Alamofire in Frameworks */ = {isa = PBXBuildFile; productRef = A03EA916288DF87600FC1F0F /* Alamofire */; };
		A03EA91A288DF88100FC1F0F /* Kingfisher in Frameworks */ = {isa = PBXBuildFile; productRef = A03EA919288DF88100FC1F0F /* Kingfisher */; };
		A03EA91C288DF8E300FC1F0F /* FavoriteViewController.swift in Sources */ = {isa = PBXBuildFile; fileRef = A03EA91B288DF8E300FC1F0F /* FavoriteViewController.swift */; };
		A03EA91E288DF8EE00FC1F0F /* FavoriteTableViewCell.swift in Sources */ = {isa = PBXBuildFile; fileRef = A03EA91D288DF8EE00FC1F0F /* FavoriteTableViewCell.swift */; };
		A03EA920288DF8F800FC1F0F /* DetailViewController.swift in Sources */ = {isa = PBXBuildFile; fileRef = A03EA91F288DF8F800FC1F0F /* DetailViewController.swift */; };
		A03EA922288DF90300FC1F0F /* DetailTableViewCell.swift in Sources */ = {isa = PBXBuildFile; fileRef = A03EA921288DF90300FC1F0F /* DetailTableViewCell.swift */; };
		A03EA924288DF91000FC1F0F /* GroupedSection.swift in Sources */ = {isa = PBXBuildFile; fileRef = A03EA923288DF91000FC1F0F /* GroupedSection.swift */; };
/* End PBXBuildFile section */

/* Begin PBXFileReference section */
		A03EA8EB288DF50B00FC1F0F /* SomeVehicle.app */ = {isa = PBXFileReference; explicitFileType = wrapper.application; includeInIndex = 0; path = SomeVehicle.app; sourceTree = BUILT_PRODUCTS_DIR; };
		A03EA8EE288DF50B00FC1F0F /* AppDelegate.swift */ = {isa = PBXFileReference; lastKnownFileType = sourcecode.swift; path = AppDelegate.swift; sourceTree = "<group>"; };
		A03EA8F0288DF50B00FC1F0F /* SceneDelegate.swift */ = {isa = PBXFileReference; lastKnownFileType = sourcecode.swift; path = SceneDelegate.swift; sourceTree = "<group>"; };
		A03EA8F2288DF50B00FC1F0F /* MainViewController.swift */ = {isa = PBXFileReference; lastKnownFileType = sourcecode.swift; path = MainViewController.swift; sourceTree = "<group>"; };
		A03EA8F7288DF50E00FC1F0F /* Assets.xcassets */ = {isa = PBXFileReference; lastKnownFileType = folder.assetcatalog; path = Assets.xcassets; sourceTree = "<group>"; };
		A03EA8FA288DF50E00FC1F0F /* Base */ = {isa = PBXFileReference; lastKnownFileType = file.storyboard; name = Base; path = Base.lproj/LaunchScreen.storyboard; sourceTree = "<group>"; };
		A03EA8FC288DF50E00FC1F0F /* Info.plist */ = {isa = PBXFileReference; lastKnownFileType = text.plist.xml; path = Info.plist; sourceTree = "<group>"; };
		A03EA902288DF66200FC1F0F /* Zone.swift */ = {isa = PBXFileReference; lastKnownFileType = sourcecode.swift; path = Zone.swift; sourceTree = "<group>"; };
		A03EA904288DF66700FC1F0F /* Car.swift */ = {isa = PBXFileReference; lastKnownFileType = sourcecode.swift; path = Car.swift; sourceTree = "<group>"; };
		A03EA906288DF66F00FC1F0F /* FavoriteZone.swift */ = {isa = PBXFileReference; lastKnownFileType = sourcecode.swift; path = FavoriteZone.swift; sourceTree = "<group>"; };
		A03EA90A288DF69100FC1F0F /* NetworkManager.swift */ = {isa = PBXFileReference; lastKnownFileType = sourcecode.swift; path = NetworkManager.swift; sourceTree = "<group>"; };
		A03EA90D288DF6AE00FC1F0F /* MyAnnotation.swift */ = {isa = PBXFileReference; lastKnownFileType = sourcecode.swift; path = MyAnnotation.swift; sourceTree = "<group>"; };
		A03EA90F288DF6B500FC1F0F /* ZoneAnnotation.swift */ = {isa = PBXFileReference; lastKnownFileType = sourcecode.swift; path = ZoneAnnotation.swift; sourceTree = "<group>"; };
		A03EA91B288DF8E300FC1F0F /* FavoriteViewController.swift */ = {isa = PBXFileReference; lastKnownFileType = sourcecode.swift; path = FavoriteViewController.swift; sourceTree = "<group>"; };
		A03EA91D288DF8EE00FC1F0F /* FavoriteTableViewCell.swift */ = {isa = PBXFileReference; lastKnownFileType = sourcecode.swift; path = FavoriteTableViewCell.swift; sourceTree = "<group>"; };
		A03EA91F288DF8F800FC1F0F /* DetailViewController.swift */ = {isa = PBXFileReference; lastKnownFileType = sourcecode.swift; path = DetailViewController.swift; sourceTree = "<group>"; };
		A03EA921288DF90300FC1F0F /* DetailTableViewCell.swift */ = {isa = PBXFileReference; lastKnownFileType = sourcecode.swift; path = DetailTableViewCell.swift; sourceTree = "<group>"; };
		A03EA923288DF91000FC1F0F /* GroupedSection.swift */ = {isa = PBXFileReference; lastKnownFileType = sourcecode.swift; path = GroupedSection.swift; sourceTree = "<group>"; };
/* End PBXFileReference section */

/* Begin PBXFrameworksBuildPhase section */
		A03EA8E8288DF50B00FC1F0F /* Frameworks */ = {
			isa = PBXFrameworksBuildPhase;
			buildActionMask = 2147483647;
			files = (
				A03EA91A288DF88100FC1F0F /* Kingfisher in Frameworks */,
				A03EA914288DF85200FC1F0F /* SnapKit in Frameworks */,
				A03EA917288DF87600FC1F0F /* Alamofire in Frameworks */,
			);
			runOnlyForDeploymentPostprocessing = 0;
		};
/* End PBXFrameworksBuildPhase section */

/* Begin PBXGroup section */
		A03EA8E2288DF50B00FC1F0F = {
			isa = PBXGroup;
			children = (
				A03EA8ED288DF50B00FC1F0F /* SomeVehicle */,
				A03EA8EC288DF50B00FC1F0F /* Products */,
			);
			sourceTree = "<group>";
		};
		A03EA8EC288DF50B00FC1F0F /* Products */ = {
			isa = PBXGroup;
			children = (
				A03EA8EB288DF50B00FC1F0F /* SomeVehicle.app */,
			);
			name = Products;
			sourceTree = "<group>";
		};
		A03EA8ED288DF50B00FC1F0F /* SomeVehicle */ = {
			isa = PBXGroup;
			children = (
				A03EA8EE288DF50B00FC1F0F /* AppDelegate.swift */,
				A03EA8F0288DF50B00FC1F0F /* SceneDelegate.swift */,
				A03EA908288DF67500FC1F0F /* Model */,
				A03EA90C288DF69500FC1F0F /* Manager */,
				A03EA911288DF6B800FC1F0F /* Annotations */,
				A03EA909288DF67E00FC1F0F /* Views */,
				A03EA926288DF9B700FC1F0F /* Helper */,
				A03EA8F7288DF50E00FC1F0F /* Assets.xcassets */,
				A03EA8F9288DF50E00FC1F0F /* LaunchScreen.storyboard */,
				A03EA8FC288DF50E00FC1F0F /* Info.plist */,
			);
			path = SomeVehicle;
			sourceTree = "<group>";
		};
		A03EA908288DF67500FC1F0F /* Model */ = {
			isa = PBXGroup;
			children = (
				A03EA902288DF66200FC1F0F /* Zone.swift */,
				A03EA904288DF66700FC1F0F /* Car.swift */,
				A03EA906288DF66F00FC1F0F /* FavoriteZone.swift */,
			);
			path = Model;
			sourceTree = "<group>";
		};
		A03EA909288DF67E00FC1F0F /* Views */ = {
			isa = PBXGroup;
			children = (
				A03EA8F2288DF50B00FC1F0F /* MainViewController.swift */,
				A03EA91B288DF8E300FC1F0F /* FavoriteViewController.swift */,
				A03EA91D288DF8EE00FC1F0F /* FavoriteTableViewCell.swift */,
				A03EA925288DF9B200FC1F0F /* Detail */,
			);
			path = Views;
			sourceTree = "<group>";
		};
		A03EA90C288DF69500FC1F0F /* Manager */ = {
			isa = PBXGroup;
			children = (
				A03EA90A288DF69100FC1F0F /* NetworkManager.swift */,
			);
			path = Manager;
			sourceTree = "<group>";
		};
		A03EA911288DF6B800FC1F0F /* Annotations */ = {
			isa = PBXGroup;
			children = (
				A03EA90D288DF6AE00FC1F0F /* MyAnnotation.swift */,
				A03EA90F288DF6B500FC1F0F /* ZoneAnnotation.swift */,
			);
			path = Annotations;
			sourceTree = "<group>";
		};
		A03EA925288DF9B200FC1F0F /* Detail */ = {
			isa = PBXGroup;
			children = (
				A03EA91F288DF8F800FC1F0F /* DetailViewController.swift */,
				A03EA921288DF90300FC1F0F /* DetailTableViewCell.swift */,
			);
			path = Detail;
			sourceTree = "<group>";
		};
		A03EA926288DF9B700FC1F0F /* Helper */ = {
			isa = PBXGroup;
			children = (
				A03EA923288DF91000FC1F0F /* GroupedSection.swift */,
			);
			path = Helper;
			sourceTree = "<group>";
		};
/* End PBXGroup section */

/* Begin PBXNativeTarget section */
		A03EA8EA288DF50B00FC1F0F /* SomeVehicle */ = {
			isa = PBXNativeTarget;
			buildConfigurationList = A03EA8FF288DF50E00FC1F0F /* Build configuration list for PBXNativeTarget "SomeVehicle" */;
			buildPhases = (
				A03EA8E7288DF50B00FC1F0F /* Sources */,
				A03EA8E8288DF50B00FC1F0F /* Frameworks */,
				A03EA8E9288DF50B00FC1F0F /* Resources */,
			);
			buildRules = (
			);
			dependencies = (
			);
			name = SomeVehicle;
			packageProductDependencies = (
				A03EA913288DF85200FC1F0F /* SnapKit */,
				A03EA916288DF87600FC1F0F /* Alamofire */,
				A03EA919288DF88100FC1F0F /* Kingfisher */,
			);
			productName = SomeVehicle;
			productReference = A03EA8EB288DF50B00FC1F0F /* SomeVehicle.app */;
			productType = "com.apple.product-type.application";
		};
/* End PBXNativeTarget section */

/* Begin PBXProject section */
		A03EA8E3288DF50B00FC1F0F /* Project object */ = {
			isa = PBXProject;
			attributes = {
				BuildIndependentTargetsInParallel = 1;
				LastSwiftUpdateCheck = 1400;
				LastUpgradeCheck = 1400;
				TargetAttributes = {
					A03EA8EA288DF50B00FC1F0F = {
						CreatedOnToolsVersion = 14.0;
					};
				};
			};
			buildConfigurationList = A03EA8E6288DF50B00FC1F0F /* Build configuration list for PBXProject "SomeVehicle" */;
			compatibilityVersion = "Xcode 14.0";
			developmentRegion = en;
			hasScannedForEncodings = 0;
			knownRegions = (
				en,
				Base,
			);
			mainGroup = A03EA8E2288DF50B00FC1F0F;
			packageReferences = (
				A03EA912288DF85200FC1F0F /* XCRemoteSwiftPackageReference "SnapKit" */,
				A03EA915288DF87600FC1F0F /* XCRemoteSwiftPackageReference "Alamofire" */,
				A03EA918288DF88100FC1F0F /* XCRemoteSwiftPackageReference "Kingfisher" */,
			);
			productRefGroup = A03EA8EC288DF50B00FC1F0F /* Products */;
			projectDirPath = "";
			projectRoot = "";
			targets = (
				A03EA8EA288DF50B00FC1F0F /* SomeVehicle */,
			);
		};
/* End PBXProject section */

/* Begin PBXResourcesBuildPhase section */
		A03EA8E9288DF50B00FC1F0F /* Resources */ = {
			isa = PBXResourcesBuildPhase;
			buildActionMask = 2147483647;
			files = (
				A03EA8FB288DF50E00FC1F0F /* LaunchScreen.storyboard in Resources */,
				A03EA8F8288DF50E00FC1F0F /* Assets.xcassets in Resources */,
			);
			runOnlyForDeploymentPostprocessing = 0;
		};
/* End PBXResourcesBuildPhase section */

/* Begin PBXSourcesBuildPhase section */
		A03EA8E7288DF50B00FC1F0F /* Sources */ = {
			isa = PBXSourcesBuildPhase;
			buildActionMask = 2147483647;
			files = (
				A03EA8F3288DF50B00FC1F0F /* MainViewController.swift in Sources */,
				A03EA907288DF66F00FC1F0F /* FavoriteZone.swift in Sources */,
				A03EA910288DF6B500FC1F0F /* ZoneAnnotation.swift in Sources */,
				A03EA922288DF90300FC1F0F /* DetailTableViewCell.swift in Sources */,
				A03EA924288DF91000FC1F0F /* GroupedSection.swift in Sources */,
				A03EA920288DF8F800FC1F0F /* DetailViewController.swift in Sources */,
				A03EA903288DF66200FC1F0F /* Zone.swift in Sources */,
				A03EA91C288DF8E300FC1F0F /* FavoriteViewController.swift in Sources */,
				A03EA90B288DF69100FC1F0F /* NetworkManager.swift in Sources */,
				A03EA905288DF66700FC1F0F /* Car.swift in Sources */,
				A03EA8EF288DF50B00FC1F0F /* AppDelegate.swift in Sources */,
				A03EA90E288DF6AE00FC1F0F /* MyAnnotation.swift in Sources */,
				A03EA8F1288DF50B00FC1F0F /* SceneDelegate.swift in Sources */,
				A03EA91E288DF8EE00FC1F0F /* FavoriteTableViewCell.swift in Sources */,
			);
			runOnlyForDeploymentPostprocessing = 0;
		};
/* End PBXSourcesBuildPhase section */

/* Begin PBXVariantGroup section */
		A03EA8F9288DF50E00FC1F0F /* LaunchScreen.storyboard */ = {
			isa = PBXVariantGroup;
			children = (
				A03EA8FA288DF50E00FC1F0F /* Base */,
			);
			name = LaunchScreen.storyboard;
			sourceTree = "<group>";
		};
/* End PBXVariantGroup section */

/* Begin XCBuildConfiguration section */
		A03EA8FD288DF50E00FC1F0F /* Debug */ = {
			isa = XCBuildConfiguration;
			buildSettings = {
				ALWAYS_SEARCH_USER_PATHS = NO;
				CLANG_ANALYZER_NONNULL = YES;
				CLANG_ANALYZER_NUMBER_OBJECT_CONVERSION = YES_AGGRESSIVE;
				CLANG_CXX_LANGUAGE_STANDARD = "gnu++20";
				CLANG_ENABLE_MODULES = YES;
				CLANG_ENABLE_OBJC_ARC = YES;
				CLANG_ENABLE_OBJC_WEAK = YES;
				CLANG_WARN_BLOCK_CAPTURE_AUTORELEASING = YES;
				CLANG_WARN_BOOL_CONVERSION = YES;
				CLANG_WARN_COMMA = YES;
				CLANG_WARN_CONSTANT_CONVERSION = YES;
				CLANG_WARN_DEPRECATED_OBJC_IMPLEMENTATIONS = YES;
				CLANG_WARN_DIRECT_OBJC_ISA_USAGE = YES_ERROR;
				CLANG_WARN_DOCUMENTATION_COMMENTS = YES;
				CLANG_WARN_EMPTY_BODY = YES;
				CLANG_WARN_ENUM_CONVERSION = YES;
				CLANG_WARN_INFINITE_RECURSION = YES;
				CLANG_WARN_INT_CONVERSION = YES;
				CLANG_WARN_NON_LITERAL_NULL_CONVERSION = YES;
				CLANG_WARN_OBJC_IMPLICIT_RETAIN_SELF = YES;
				CLANG_WARN_OBJC_LITERAL_CONVERSION = YES;
				CLANG_WARN_OBJC_ROOT_CLASS = YES_ERROR;
				CLANG_WARN_QUOTED_INCLUDE_IN_FRAMEWORK_HEADER = YES;
				CLANG_WARN_RANGE_LOOP_ANALYSIS = YES;
				CLANG_WARN_STRICT_PROTOTYPES = YES;
				CLANG_WARN_SUSPICIOUS_MOVE = YES;
				CLANG_WARN_UNGUARDED_AVAILABILITY = YES_AGGRESSIVE;
				CLANG_WARN_UNREACHABLE_CODE = YES;
				CLANG_WARN__DUPLICATE_METHOD_MATCH = YES;
				COPY_PHASE_STRIP = NO;
				DEBUG_INFORMATION_FORMAT = dwarf;
				ENABLE_STRICT_OBJC_MSGSEND = YES;
				ENABLE_TESTABILITY = YES;
				GCC_C_LANGUAGE_STANDARD = gnu11;
				GCC_DYNAMIC_NO_PIC = NO;
				GCC_NO_COMMON_BLOCKS = YES;
				GCC_OPTIMIZATION_LEVEL = 0;
				GCC_PREPROCESSOR_DEFINITIONS = (
					"DEBUG=1",
					"$(inherited)",
				);
				GCC_WARN_64_TO_32_BIT_CONVERSION = YES;
				GCC_WARN_ABOUT_RETURN_TYPE = YES_ERROR;
				GCC_WARN_UNDECLARED_SELECTOR = YES;
				GCC_WARN_UNINITIALIZED_AUTOS = YES_AGGRESSIVE;
				GCC_WARN_UNUSED_FUNCTION = YES;
				GCC_WARN_UNUSED_VARIABLE = YES;
				IPHONEOS_DEPLOYMENT_TARGET = 16.0;
				MTL_ENABLE_DEBUG_INFO = INCLUDE_SOURCE;
				MTL_FAST_MATH = YES;
				ONLY_ACTIVE_ARCH = YES;
				SDKROOT = iphoneos;
				SWIFT_ACTIVE_COMPILATION_CONDITIONS = DEBUG;
				SWIFT_OPTIMIZATION_LEVEL = "-Onone";
			};
			name = Debug;
		};
		A03EA8FE288DF50E00FC1F0F /* Release */ = {
			isa = XCBuildConfiguration;
			buildSettings = {
				ALWAYS_SEARCH_USER_PATHS = NO;
				CLANG_ANALYZER_NONNULL = YES;
				CLANG_ANALYZER_NUMBER_OBJECT_CONVERSION = YES_AGGRESSIVE;
				CLANG_CXX_LANGUAGE_STANDARD = "gnu++20";
				CLANG_ENABLE_MODULES = YES;
				CLANG_ENABLE_OBJC_ARC = YES;
				CLANG_ENABLE_OBJC_WEAK = YES;
				CLANG_WARN_BLOCK_CAPTURE_AUTORELEASING = YES;
				CLANG_WARN_BOOL_CONVERSION = YES;
				CLANG_WARN_COMMA = YES;
				CLANG_WARN_CONSTANT_CONVERSION = YES;
				CLANG_WARN_DEPRECATED_OBJC_IMPLEMENTATIONS = YES;
				CLANG_WARN_DIRECT_OBJC_ISA_USAGE = YES_ERROR;
				CLANG_WARN_DOCUMENTATION_COMMENTS = YES;
				CLANG_WARN_EMPTY_BODY = YES;
				CLANG_WARN_ENUM_CONVERSION = YES;
				CLANG_WARN_INFINITE_RECURSION = YES;
				CLANG_WARN_INT_CONVERSION = YES;
				CLANG_WARN_NON_LITERAL_NULL_CONVERSION = YES;
				CLANG_WARN_OBJC_IMPLICIT_RETAIN_SELF = YES;
				CLANG_WARN_OBJC_LITERAL_CONVERSION = YES;
				CLANG_WARN_OBJC_ROOT_CLASS = YES_ERROR;
				CLANG_WARN_QUOTED_INCLUDE_IN_FRAMEWORK_HEADER = YES;
				CLANG_WARN_RANGE_LOOP_ANALYSIS = YES;
				CLANG_WARN_STRICT_PROTOTYPES = YES;
				CLANG_WARN_SUSPICIOUS_MOVE = YES;
				CLANG_WARN_UNGUARDED_AVAILABILITY = YES_AGGRESSIVE;
				CLANG_WARN_UNREACHABLE_CODE = YES;
				CLANG_WARN__DUPLICATE_METHOD_MATCH = YES;
				COPY_PHASE_STRIP = NO;
				DEBUG_INFORMATION_FORMAT = "dwarf-with-dsym";
				ENABLE_NS_ASSERTIONS = NO;
				ENABLE_STRICT_OBJC_MSGSEND = YES;
				GCC_C_LANGUAGE_STANDARD = gnu11;
				GCC_NO_COMMON_BLOCKS = YES;
				GCC_WARN_64_TO_32_BIT_CONVERSION = YES;
				GCC_WARN_ABOUT_RETURN_TYPE = YES_ERROR;
				GCC_WARN_UNDECLARED_SELECTOR = YES;
				GCC_WARN_UNINITIALIZED_AUTOS = YES_AGGRESSIVE;
				GCC_WARN_UNUSED_FUNCTION = YES;
				GCC_WARN_UNUSED_VARIABLE = YES;
				IPHONEOS_DEPLOYMENT_TARGET = 16.0;
				MTL_ENABLE_DEBUG_INFO = NO;
				MTL_FAST_MATH = YES;
				SDKROOT = iphoneos;
				SWIFT_COMPILATION_MODE = wholemodule;
				SWIFT_OPTIMIZATION_LEVEL = "-O";
				VALIDATE_PRODUCT = YES;
			};
			name = Release;
		};
		A03EA900288DF50E00FC1F0F /* Debug */ = {
			isa = XCBuildConfiguration;
			buildSettings = {
				ASSETCATALOG_COMPILER_APPICON_NAME = AppIcon;
				ASSETCATALOG_COMPILER_GLOBAL_ACCENT_COLOR_NAME = AccentColor;
				CODE_SIGN_STYLE = Automatic;
				CURRENT_PROJECT_VERSION = 1;
				DEVELOPMENT_TEAM = HM9J3DG5MT;
				GENERATE_INFOPLIST_FILE = YES;
				INFOPLIST_FILE = SomeVehicle/Info.plist;
				INFOPLIST_KEY_NSLocationWhenInUseUsageDescription = "근처에 있는 쏘카존을 찾기 위해 위치 권한이 필요합니다.";
				INFOPLIST_KEY_UIApplicationSupportsIndirectInputEvents = YES;
				INFOPLIST_KEY_UILaunchStoryboardName = LaunchScreen;
				INFOPLIST_KEY_UISupportedInterfaceOrientations = "UIInterfaceOrientationLandscapeLeft UIInterfaceOrientationLandscapeRight UIInterfaceOrientationPortrait";
				INFOPLIST_KEY_UISupportedInterfaceOrientations_iPad = UIInterfaceOrientationPortraitUpsideDown;
				IPHONEOS_DEPLOYMENT_TARGET = 13.0;
				LD_RUNPATH_SEARCH_PATHS = (
					"$(inherited)",
					"@executable_path/Frameworks",
				);
				MARKETING_VERSION = 1.0;
				PRODUCT_BUNDLE_IDENTIFIER = com.soduma.SomeVehicle;
				PRODUCT_NAME = "$(TARGET_NAME)";
				SUPPORTED_PLATFORMS = "iphoneos iphonesimulator";
				SUPPORTS_MACCATALYST = NO;
				SUPPORTS_MAC_DESIGNED_FOR_IPHONE_IPAD = YES;
				SWIFT_EMIT_LOC_STRINGS = YES;
				SWIFT_VERSION = 5.0;
				TARGETED_DEVICE_FAMILY = 1;
			};
			name = Debug;
		};
		A03EA901288DF50E00FC1F0F /* Release */ = {
			isa = XCBuildConfiguration;
			buildSettings = {
				ASSETCATALOG_COMPILER_APPICON_NAME = AppIcon;
				ASSETCATALOG_COMPILER_GLOBAL_ACCENT_COLOR_NAME = AccentColor;
				CODE_SIGN_STYLE = Automatic;
				CURRENT_PROJECT_VERSION = 1;
				DEVELOPMENT_TEAM = HM9J3DG5MT;
				GENERATE_INFOPLIST_FILE = YES;
				INFOPLIST_FILE = SomeVehicle/Info.plist;
				INFOPLIST_KEY_NSLocationWhenInUseUsageDescription = "근처에 있는 쏘카존을 찾기 위해 위치 권한이 필요합니다.";
				INFOPLIST_KEY_UIApplicationSupportsIndirectInputEvents = YES;
				INFOPLIST_KEY_UILaunchStoryboardName = LaunchScreen;
				INFOPLIST_KEY_UISupportedInterfaceOrientations = "UIInterfaceOrientationLandscapeLeft UIInterfaceOrientationLandscapeRight UIInterfaceOrientationPortrait";
				INFOPLIST_KEY_UISupportedInterfaceOrientations_iPad = UIInterfaceOrientationPortraitUpsideDown;
				IPHONEOS_DEPLOYMENT_TARGET = 13.0;
				LD_RUNPATH_SEARCH_PATHS = (
					"$(inherited)",
					"@executable_path/Frameworks",
				);
				MARKETING_VERSION = 1.0;
				PRODUCT_BUNDLE_IDENTIFIER = com.soduma.SomeVehicle;
				PRODUCT_NAME = "$(TARGET_NAME)";
				SUPPORTED_PLATFORMS = "iphoneos iphonesimulator";
				SUPPORTS_MACCATALYST = NO;
				SUPPORTS_MAC_DESIGNED_FOR_IPHONE_IPAD = YES;
				SWIFT_EMIT_LOC_STRINGS = YES;
				SWIFT_VERSION = 5.0;
				TARGETED_DEVICE_FAMILY = 1;
			};
			name = Release;
		};
/* End XCBuildConfiguration section */

/* Begin XCConfigurationList section */
		A03EA8E6288DF50B00FC1F0F /* Build configuration list for PBXProject "SomeVehicle" */ = {
			isa = XCConfigurationList;
			buildConfigurations = (
				A03EA8FD288DF50E00FC1F0F /* Debug */,
				A03EA8FE288DF50E00FC1F0F /* Release */,
			);
			defaultConfigurationIsVisible = 0;
			defaultConfigurationName = Release;
		};
		A03EA8FF288DF50E00FC1F0F /* Build configuration list for PBXNativeTarget "SomeVehicle" */ = {
			isa = XCConfigurationList;
			buildConfigurations = (
				A03EA900288DF50E00FC1F0F /* Debug */,
				A03EA901288DF50E00FC1F0F /* Release */,
			);
			defaultConfigurationIsVisible = 0;
			defaultConfigurationName = Release;
		};
/* End XCConfigurationList section */

/* Begin XCRemoteSwiftPackageReference section */
		A03EA912288DF85200FC1F0F /* XCRemoteSwiftPackageReference "SnapKit" */ = {
			isa = XCRemoteSwiftPackageReference;
			repositoryURL = "https://github.com/SnapKit/SnapKit.git";
			requirement = {
				kind = upToNextMajorVersion;
				minimumVersion = 5.0.0;
			};
		};
		A03EA915288DF87600FC1F0F /* XCRemoteSwiftPackageReference "Alamofire" */ = {
			isa = XCRemoteSwiftPackageReference;
			repositoryURL = "https://github.com/Alamofire/Alamofire.git";
			requirement = {
				kind = upToNextMajorVersion;
				minimumVersion = 5.0.0;
			};
		};
		A03EA918288DF88100FC1F0F /* XCRemoteSwiftPackageReference "Kingfisher" */ = {
			isa = XCRemoteSwiftPackageReference;
			repositoryURL = "https://github.com/onevcat/Kingfisher.git";
			requirement = {
				kind = upToNextMajorVersion;
				minimumVersion = 7.0.0;
			};
		};
/* End XCRemoteSwiftPackageReference section */

/* Begin XCSwiftPackageProductDependency section */
		A03EA913288DF85200FC1F0F /* SnapKit */ = {
			isa = XCSwiftPackageProductDependency;
			package = A03EA912288DF85200FC1F0F /* XCRemoteSwiftPackageReference "SnapKit" */;
			productName = SnapKit;
		};
		A03EA916288DF87600FC1F0F /* Alamofire */ = {
			isa = XCSwiftPackageProductDependency;
			package = A03EA915288DF87600FC1F0F /* XCRemoteSwiftPackageReference "Alamofire" */;
			productName = Alamofire;
		};
		A03EA919288DF88100FC1F0F /* Kingfisher */ = {
			isa = XCSwiftPackageProductDependency;
			package = A03EA918288DF88100FC1F0F /* XCRemoteSwiftPackageReference "Kingfisher" */;
			productName = Kingfisher;
		};
/* End XCSwiftPackageProductDependency section */
	};
	rootObject = A03EA8E3288DF50B00FC1F0F /* Project object */;
}
